
Microsoft Visual Studio Solution File, Format Version 12.00
# Visual Studio Version 17
VisualStudioVersion = 17.11.35327.3
MinimumVisualStudioVersion = 10.0.40219.1
Project("{FAE04EC0-301F-11D3-BF4B-00C04F79EFBC}") = "LabWork2", "LabWork2.csproj", "{0D12236D-9D09-454B-A895-2A8166F32BD2}"
EndProject
Global
	GlobalSection(SolutionConfigurationPlatforms) = preSolution
		Debug|Any CPU = Debug|Any CPU
		Release|Any CPU = Release|Any CPU
	EndGlobalSection
	GlobalSection(ProjectConfigurationPlatforms) = postSolution
		{0D12236D-9D09-454B-A895-2A8166F32BD2}.Debug|Any CPU.ActiveCfg = Debug|Any CPU
		{0D12236D-9D09-454B-A895-2A8166F32BD2}.Debug|Any CPU.Build.0 = Debug|Any CPU
		{0D12236D-9D09-454B-A895-2A8166F32BD2}.Release|Any CPU.ActiveCfg = Release|Any CPU
		{0D12236D-9D09-454B-A895-2A8166F32BD2}.Release|Any CPU.Build.0 = Release|Any CPU
	EndGlobalSection
	GlobalSection(SolutionProperties) = preSolution
		HideSolutionNode = FALSE
	EndGlobalSection
	GlobalSection(ExtensibilityGlobals) = postSolution
		SolutionGuid = {8229D822-7909-4EC8-AB9E-616CE59D8BB0}
	EndGlobalSection
EndGlobal
